
Microsoft Visual Studio Solution File, Format Version 12.00
Project("{FAE04EC0-301F-11D3-BF4B-00C04F79EFBC}") = "KinoPoisk", "KinoPoisk\KinoPoisk.csproj", "{252F54BD-1317-4A20-BDDC-A7018D83DFC5}"
EndProject
Global
	GlobalSection(SolutionConfigurationPlatforms) = preSolution
		Debug|Any CPU = Debug|Any CPU
		Release|Any CPU = Release|Any CPU
	EndGlobalSection
	GlobalSection(ProjectConfigurationPlatforms) = postSolution
		{252F54BD-1317-4A20-BDDC-A7018D83DFC5}.Debug|Any CPU.ActiveCfg = Debug|Any CPU
		{252F54BD-1317-4A20-BDDC-A7018D83DFC5}.Debug|Any CPU.Build.0 = Debug|Any CPU
		{252F54BD-1317-4A20-BDDC-A7018D83DFC5}.Release|Any CPU.ActiveCfg = Release|Any CPU
		{252F54BD-1317-4A20-BDDC-A7018D83DFC5}.Release|Any CPU.Build.0 = Release|Any CPU
	EndGlobalSection
EndGlobal
